
Microsoft Visual Studio Solution File, Format Version 12.00
# Visual Studio Version 17
VisualStudioVersion = 17.14.36414.22 d17.14
MinimumVisualStudioVersion = 10.0.40219.1
Project("{FAE04EC0-301F-11D3-BF4B-00C04F79EFBC}") = "Infrastructure", "Infrastructure.cs\Infrastructure.csproj", "{455997CE-C60F-41CE-B54B-38A2292ABB98}"
EndProject
Project("{FAE04EC0-301F-11D3-BF4B-00C04F79EFBC}") = "WpfApp1", "WpfApp1\WpfApp1.csproj", "{DBA66EB6-3BF1-4CCB-937B-3812E78EE7DD}"
EndProject
Project("{FAE04EC0-301F-11D3-BF4B-00C04F79EFBC}") = "TestProject1", "TestProject1\TestProject1.csproj", "{2B36ED47-4B03-476C-A940-6BAED7B5D356}"
EndProject
Project("{FAE04EC0-301F-11D3-BF4B-00C04F79EFBC}") = "Presentation", "Presentation\Presentation.csproj", "{4FA27582-F2D9-4D5A-ACFA-687B8BDE86F8}"
EndProject
Global
	GlobalSection(SolutionConfigurationPlatforms) = preSolution
		Debug|Any CPU = Debug|Any CPU
		Release|Any CPU = Release|Any CPU
	EndGlobalSection
	GlobalSection(ProjectConfigurationPlatforms) = postSolution
		{455997CE-C60F-41CE-B54B-38A2292ABB98}.Debug|Any CPU.ActiveCfg = Debug|Any CPU
		{455997CE-C60F-41CE-B54B-38A2292ABB98}.Debug|Any CPU.Build.0 = Debug|Any CPU
		{455997CE-C60F-41CE-B54B-38A2292ABB98}.Release|Any CPU.ActiveCfg = Release|Any CPU
		{455997CE-C60F-41CE-B54B-38A2292ABB98}.Release|Any CPU.Build.0 = Release|Any CPU
		{DBA66EB6-3BF1-4CCB-937B-3812E78EE7DD}.Debug|Any CPU.ActiveCfg = Debug|Any CPU
		{DBA66EB6-3BF1-4CCB-937B-3812E78EE7DD}.Debug|Any CPU.Build.0 = Debug|Any CPU
		{DBA66EB6-3BF1-4CCB-937B-3812E78EE7DD}.Release|Any CPU.ActiveCfg = Release|Any CPU
		{DBA66EB6-3BF1-4CCB-937B-3812E78EE7DD}.Release|Any CPU.Build.0 = Release|Any CPU
		{2B36ED47-4B03-476C-A940-6BAED7B5D356}.Debug|Any CPU.ActiveCfg = Debug|Any CPU
		{2B36ED47-4B03-476C-A940-6BAED7B5D356}.Debug|Any CPU.Build.0 = Debug|Any CPU
		{2B36ED47-4B03-476C-A940-6BAED7B5D356}.Release|Any CPU.ActiveCfg = Release|Any CPU
		{2B36ED47-4B03-476C-A940-6BAED7B5D356}.Release|Any CPU.Build.0 = Release|Any CPU
		{4FA27582-F2D9-4D5A-ACFA-687B8BDE86F8}.Debug|Any CPU.ActiveCfg = Debug|Any CPU
		{4FA27582-F2D9-4D5A-ACFA-687B8BDE86F8}.Debug|Any CPU.Build.0 = Debug|Any CPU
		{4FA27582-F2D9-4D5A-ACFA-687B8BDE86F8}.Release|Any CPU.ActiveCfg = Release|Any CPU
		{4FA27582-F2D9-4D5A-ACFA-687B8BDE86F8}.Release|Any CPU.Build.0 = Release|Any CPU
	EndGlobalSection
	GlobalSection(SolutionProperties) = preSolution
		HideSolutionNode = FALSE
	EndGlobalSection
	GlobalSection(ExtensibilityGlobals) = postSolution
		SolutionGuid = {9A1F1748-401D-4EB9-B17C-CE25658B0346}
	EndGlobalSection
EndGlobal
